// !$*UTF8*$!
{
	archiveVersion = 1;
	classes = {
	};
	objectVersion = 46;
	objects = {

/* Begin PBXBuildFile section */
		470D04981CD9E9DE005DA57C /* AppDelegate.swift in Sources */ = {isa = PBXBuildFile; fileRef = 470D04971CD9E9DE005DA57C /* AppDelegate.swift */; };
		470D049A1CD9E9DE005DA57C /* ViewController.swift in Sources */ = {isa = PBXBuildFile; fileRef = 470D04991CD9E9DE005DA57C /* ViewController.swift */; };
		470D049D1CD9E9DE005DA57C /* Main.storyboard in Resources */ = {isa = PBXBuildFile; fileRef = 470D049B1CD9E9DE005DA57C /* Main.storyboard */; };
		470D049F1CD9E9DE005DA57C /* Assets.xcassets in Resources */ = {isa = PBXBuildFile; fileRef = 470D049E1CD9E9DE005DA57C /* Assets.xcassets */; };
		470D04A21CD9E9DE005DA57C /* LaunchScreen.storyboard in Resources */ = {isa = PBXBuildFile; fileRef = 470D04A01CD9E9DE005DA57C /* LaunchScreen.storyboard */; };
		470D04AD1CD9E9DE005DA57C /* CISampleTests.swift in Sources */ = {isa = PBXBuildFile; fileRef = 470D04AC1CD9E9DE005DA57C /* CISampleTests.swift */; };
		470D04B81CD9E9DE005DA57C /* CISampleUITests.swift in Sources */ = {isa = PBXBuildFile; fileRef = 470D04B71CD9E9DE005DA57C /* CISampleUITests.swift */; };
		471BAABB1CDB40B5002C8410 /* testConfigurator.swift in Sources */ = {isa = PBXBuildFile; fileRef = 471BAAB41CDB40B5002C8410 /* testConfigurator.swift */; };
		471BAABC1CDB40B5002C8410 /* testInteractor.swift in Sources */ = {isa = PBXBuildFile; fileRef = 471BAAB51CDB40B5002C8410 /* testInteractor.swift */; };
		471BAABD1CDB40B5002C8410 /* testModels.swift in Sources */ = {isa = PBXBuildFile; fileRef = 471BAAB61CDB40B5002C8410 /* testModels.swift */; };
		471BAABE1CDB40B5002C8410 /* testPresenter.swift in Sources */ = {isa = PBXBuildFile; fileRef = 471BAAB71CDB40B5002C8410 /* testPresenter.swift */; };
		471BAABF1CDB40B5002C8410 /* testRouter.swift in Sources */ = {isa = PBXBuildFile; fileRef = 471BAAB81CDB40B5002C8410 /* testRouter.swift */; };
		471BAAC01CDB40B5002C8410 /* testViewController.swift in Sources */ = {isa = PBXBuildFile; fileRef = 471BAAB91CDB40B5002C8410 /* testViewController.swift */; };
		471BAAC11CDB40B5002C8410 /* testWorker.swift in Sources */ = {isa = PBXBuildFile; fileRef = 471BAABA1CDB40B5002C8410 /* testWorker.swift */; };
		9C8B65E6A39A6B95BAC0369F /* libPods-CISample.a in Frameworks */ = {isa = PBXBuildFile; fileRef = 0AC8186731E6EEE5E9736BCF /* libPods-CISample.a */; };
/* End PBXBuildFile section */

/* Begin PBXContainerItemProxy section */
		470D04A91CD9E9DE005DA57C /* PBXContainerItemProxy */ = {
			isa = PBXContainerItemProxy;
			containerPortal = 470D048C1CD9E9DE005DA57C /* Project object */;
			proxyType = 1;
			remoteGlobalIDString = 470D04931CD9E9DE005DA57C;
			remoteInfo = CISample;
		};
		470D04B41CD9E9DE005DA57C /* PBXContainerItemProxy */ = {
			isa = PBXContainerItemProxy;
			containerPortal = 470D048C1CD9E9DE005DA57C /* Project object */;
			proxyType = 1;
			remoteGlobalIDString = 470D04931CD9E9DE005DA57C;
			remoteInfo = CISample;
		};
/* End PBXContainerItemProxy section */

/* Begin PBXFileReference section */
		0AC8186731E6EEE5E9736BCF /* libPods-CISample.a */ = {isa = PBXFileReference; explicitFileType = archive.ar; includeInIndex = 0; path = "libPods-CISample.a"; sourceTree = BUILT_PRODUCTS_DIR; };
		47024A831CDAF4F100550E2B /* CISample-Bridging-Header.h */ = {isa = PBXFileReference; lastKnownFileType = sourcecode.c.h; path = "CISample-Bridging-Header.h"; sourceTree = "<group>"; };
		470D04941CD9E9DE005DA57C /* CISample.app */ = {isa = PBXFileReference; explicitFileType = wrapper.application; includeInIndex = 0; path = CISample.app; sourceTree = BUILT_PRODUCTS_DIR; };
		470D04971CD9E9DE005DA57C /* AppDelegate.swift */ = {isa = PBXFileReference; lastKnownFileType = sourcecode.swift; path = AppDelegate.swift; sourceTree = "<group>"; };
		470D04991CD9E9DE005DA57C /* ViewController.swift */ = {isa = PBXFileReference; lastKnownFileType = sourcecode.swift; path = ViewController.swift; sourceTree = "<group>"; };
		470D049C1CD9E9DE005DA57C /* Base */ = {isa = PBXFileReference; lastKnownFileType = file.storyboard; name = Base; path = Base.lproj/Main.storyboard; sourceTree = "<group>"; };
		470D049E1CD9E9DE005DA57C /* Assets.xcassets */ = {isa = PBXFileReference; lastKnownFileType = folder.assetcatalog; path = Assets.xcassets; sourceTree = "<group>"; };
		470D04A11CD9E9DE005DA57C /* Base */ = {isa = PBXFileReference; lastKnownFileType = file.storyboard; name = Base; path = Base.lproj/LaunchScreen.storyboard; sourceTree = "<group>"; };
		470D04A31CD9E9DE005DA57C /* Info.plist */ = {isa = PBXFileReference; lastKnownFileType = text.plist.xml; path = Info.plist; sourceTree = "<group>"; };
		470D04A81CD9E9DE005DA57C /* CISampleTests.xctest */ = {isa = PBXFileReference; explicitFileType = wrapper.cfbundle; includeInIndex = 0; path = CISampleTests.xctest; sourceTree = BUILT_PRODUCTS_DIR; };
		470D04AC1CD9E9DE005DA57C /* CISampleTests.swift */ = {isa = PBXFileReference; lastKnownFileType = sourcecode.swift; path = CISampleTests.swift; sourceTree = "<group>"; };
		470D04AE1CD9E9DE005DA57C /* Info.plist */ = {isa = PBXFileReference; lastKnownFileType = text.plist.xml; path = Info.plist; sourceTree = "<group>"; };
		470D04B31CD9E9DE005DA57C /* CISampleUITests.xctest */ = {isa = PBXFileReference; explicitFileType = wrapper.cfbundle; includeInIndex = 0; path = CISampleUITests.xctest; sourceTree = BUILT_PRODUCTS_DIR; };
		470D04B71CD9E9DE005DA57C /* CISampleUITests.swift */ = {isa = PBXFileReference; lastKnownFileType = sourcecode.swift; path = CISampleUITests.swift; sourceTree = "<group>"; };
		470D04B91CD9E9DE005DA57C /* Info.plist */ = {isa = PBXFileReference; lastKnownFileType = text.plist.xml; path = Info.plist; sourceTree = "<group>"; };
		471BAAB41CDB40B5002C8410 /* testConfigurator.swift */ = {isa = PBXFileReference; fileEncoding = 4; lastKnownFileType = sourcecode.swift; path = testConfigurator.swift; sourceTree = "<group>"; };
		471BAAB51CDB40B5002C8410 /* testInteractor.swift */ = {isa = PBXFileReference; fileEncoding = 4; lastKnownFileType = sourcecode.swift; path = testInteractor.swift; sourceTree = "<group>"; };
		471BAAB61CDB40B5002C8410 /* testModels.swift */ = {isa = PBXFileReference; fileEncoding = 4; lastKnownFileType = sourcecode.swift; path = testModels.swift; sourceTree = "<group>"; };
		471BAAB71CDB40B5002C8410 /* testPresenter.swift */ = {isa = PBXFileReference; fileEncoding = 4; lastKnownFileType = sourcecode.swift; path = testPresenter.swift; sourceTree = "<group>"; };
		471BAAB81CDB40B5002C8410 /* testRouter.swift */ = {isa = PBXFileReference; fileEncoding = 4; lastKnownFileType = sourcecode.swift; path = testRouter.swift; sourceTree = "<group>"; };
		471BAAB91CDB40B5002C8410 /* testViewController.swift */ = {isa = PBXFileReference; fileEncoding = 4; lastKnownFileType = sourcecode.swift; path = testViewController.swift; sourceTree = "<group>"; };
		471BAABA1CDB40B5002C8410 /* testWorker.swift */ = {isa = PBXFileReference; fileEncoding = 4; lastKnownFileType = sourcecode.swift; path = testWorker.swift; sourceTree = "<group>"; };
		81714EEFE6DF5EC8E9D4C961 /* Pods-CISample.debug.xcconfig */ = {isa = PBXFileReference; includeInIndex = 1; lastKnownFileType = text.xcconfig; name = "Pods-CISample.debug.xcconfig"; path = "Pods/Target Support Files/Pods-CISample/Pods-CISample.debug.xcconfig"; sourceTree = "<group>"; };
		F8F0D4EB6167722C3370D3A0 /* Pods-CISample.release.xcconfig */ = {isa = PBXFileReference; includeInIndex = 1; lastKnownFileType = text.xcconfig; name = "Pods-CISample.release.xcconfig"; path = "Pods/Target Support Files/Pods-CISample/Pods-CISample.release.xcconfig"; sourceTree = "<group>"; };
/* End PBXFileReference section */

/* Begin PBXFrameworksBuildPhase section */
		470D04911CD9E9DE005DA57C /* Frameworks */ = {
			isa = PBXFrameworksBuildPhase;
			buildActionMask = 2147483647;
			files = (
				9C8B65E6A39A6B95BAC0369F /* libPods-CISample.a in Frameworks */,
			);
			runOnlyForDeploymentPostprocessing = 0;
		};
		470D04A51CD9E9DE005DA57C /* Frameworks */ = {
			isa = PBXFrameworksBuildPhase;
			buildActionMask = 2147483647;
			files = (
			);
			runOnlyForDeploymentPostprocessing = 0;
		};
		470D04B01CD9E9DE005DA57C /* Frameworks */ = {
			isa = PBXFrameworksBuildPhase;
			buildActionMask = 2147483647;
			files = (
			);
			runOnlyForDeploymentPostprocessing = 0;
		};
/* End PBXFrameworksBuildPhase section */

/* Begin PBXGroup section */
		470D048B1CD9E9DE005DA57C = {
			isa = PBXGroup;
			children = (
				470D04961CD9E9DE005DA57C /* CISample */,
				470D04AB1CD9E9DE005DA57C /* CISampleTests */,
				470D04B61CD9E9DE005DA57C /* CISampleUITests */,
				470D04951CD9E9DE005DA57C /* Products */,
				84A5A742FCB613C0AEE209B4 /* Pods */,
				965C03A2B2F07D8162739DF9 /* Frameworks */,
			);
			sourceTree = "<group>";
		};
		470D04951CD9E9DE005DA57C /* Products */ = {
			isa = PBXGroup;
			children = (
				470D04941CD9E9DE005DA57C /* CISample.app */,
				470D04A81CD9E9DE005DA57C /* CISampleTests.xctest */,
				470D04B31CD9E9DE005DA57C /* CISampleUITests.xctest */,
			);
			name = Products;
			sourceTree = "<group>";
		};
		470D04961CD9E9DE005DA57C /* CISample */ = {
			isa = PBXGroup;
			children = (
				470D04971CD9E9DE005DA57C /* AppDelegate.swift */,
				470D04991CD9E9DE005DA57C /* ViewController.swift */,
				470D049B1CD9E9DE005DA57C /* Main.storyboard */,
				470D049E1CD9E9DE005DA57C /* Assets.xcassets */,
				470D04A01CD9E9DE005DA57C /* LaunchScreen.storyboard */,
				470D04A31CD9E9DE005DA57C /* Info.plist */,
				47024A831CDAF4F100550E2B /* CISample-Bridging-Header.h */,
				471BAAB41CDB40B5002C8410 /* testConfigurator.swift */,
				471BAAB51CDB40B5002C8410 /* testInteractor.swift */,
				471BAAB61CDB40B5002C8410 /* testModels.swift */,
				471BAAB71CDB40B5002C8410 /* testPresenter.swift */,
				471BAAB81CDB40B5002C8410 /* testRouter.swift */,
				471BAAB91CDB40B5002C8410 /* testViewController.swift */,
				471BAABA1CDB40B5002C8410 /* testWorker.swift */,
			);
			path = CISample;
			sourceTree = "<group>";
		};
		470D04AB1CD9E9DE005DA57C /* CISampleTests */ = {
			isa = PBXGroup;
			children = (
				470D04AC1CD9E9DE005DA57C /* CISampleTests.swift */,
				470D04AE1CD9E9DE005DA57C /* Info.plist */,
			);
			path = CISampleTests;
			sourceTree = "<group>";
		};
		470D04B61CD9E9DE005DA57C /* CISampleUITests */ = {
			isa = PBXGroup;
			children = (
				470D04B71CD9E9DE005DA57C /* CISampleUITests.swift */,
				470D04B91CD9E9DE005DA57C /* Info.plist */,
			);
			path = CISampleUITests;
			sourceTree = "<group>";
		};
		84A5A742FCB613C0AEE209B4 /* Pods */ = {
			isa = PBXGroup;
			children = (
				81714EEFE6DF5EC8E9D4C961 /* Pods-CISample.debug.xcconfig */,
				F8F0D4EB6167722C3370D3A0 /* Pods-CISample.release.xcconfig */,
			);
			name = Pods;
			sourceTree = "<group>";
		};
		965C03A2B2F07D8162739DF9 /* Frameworks */ = {
			isa = PBXGroup;
			children = (
				0AC8186731E6EEE5E9736BCF /* libPods-CISample.a */,
			);
			name = Frameworks;
			sourceTree = "<group>";
		};
/* End PBXGroup section */

/* Begin PBXNativeTarget section */
		470D04931CD9E9DE005DA57C /* CISample */ = {
			isa = PBXNativeTarget;
			buildConfigurationList = 470D04BC1CD9E9DE005DA57C /* Build configuration list for PBXNativeTarget "CISample" */;
			buildPhases = (
				72CE4899A633A160F39C6016 /* Check Pods Manifest.lock */,
				470D04901CD9E9DE005DA57C /* Sources */,
				470D04911CD9E9DE005DA57C /* Frameworks */,
				470D04921CD9E9DE005DA57C /* Resources */,
				29F61F69A0603F46FEED1A39 /* Embed Pods Frameworks */,
				B5AFD7F886555659ACE1302E /* Copy Pods Resources */,
			);
			buildRules = (
			);
			dependencies = (
			);
			name = CISample;
			productName = CISample;
			productReference = 470D04941CD9E9DE005DA57C /* CISample.app */;
			productType = "com.apple.product-type.application";
		};
		470D04A71CD9E9DE005DA57C /* CISampleTests */ = {
			isa = PBXNativeTarget;
			buildConfigurationList = 470D04BF1CD9E9DE005DA57C /* Build configuration list for PBXNativeTarget "CISampleTests" */;
			buildPhases = (
				470D04A41CD9E9DE005DA57C /* Sources */,
				470D04A51CD9E9DE005DA57C /* Frameworks */,
				470D04A61CD9E9DE005DA57C /* Resources */,
			);
			buildRules = (
			);
			dependencies = (
				470D04AA1CD9E9DE005DA57C /* PBXTargetDependency */,
			);
			name = CISampleTests;
			productName = CISampleTests;
			productReference = 470D04A81CD9E9DE005DA57C /* CISampleTests.xctest */;
			productType = "com.apple.product-type.bundle.unit-test";
		};
		470D04B21CD9E9DE005DA57C /* CISampleUITests */ = {
			isa = PBXNativeTarget;
			buildConfigurationList = 470D04C21CD9E9DE005DA57C /* Build configuration list for PBXNativeTarget "CISampleUITests" */;
			buildPhases = (
				470D04AF1CD9E9DE005DA57C /* Sources */,
				470D04B01CD9E9DE005DA57C /* Frameworks */,
				470D04B11CD9E9DE005DA57C /* Resources */,
			);
			buildRules = (
			);
			dependencies = (
				470D04B51CD9E9DE005DA57C /* PBXTargetDependency */,
			);
			name = CISampleUITests;
			productName = CISampleUITests;
			productReference = 470D04B31CD9E9DE005DA57C /* CISampleUITests.xctest */;
			productType = "com.apple.product-type.bundle.ui-testing";
		};
/* End PBXNativeTarget section */

/* Begin PBXProject section */
		470D048C1CD9E9DE005DA57C /* Project object */ = {
			isa = PBXProject;
			attributes = {
				LastSwiftUpdateCheck = 0730;
				LastUpgradeCheck = 0730;
				ORGANIZATIONNAME = od;
				TargetAttributes = {
					470D04931CD9E9DE005DA57C = {
						CreatedOnToolsVersion = 7.3;
					};
					470D04A71CD9E9DE005DA57C = {
						CreatedOnToolsVersion = 7.3;
						TestTargetID = 470D04931CD9E9DE005DA57C;
					};
					470D04B21CD9E9DE005DA57C = {
						CreatedOnToolsVersion = 7.3;
						TestTargetID = 470D04931CD9E9DE005DA57C;
					};
				};
			};
			buildConfigurationList = 470D048F1CD9E9DE005DA57C /* Build configuration list for PBXProject "CISample" */;
			compatibilityVersion = "Xcode 3.2";
			developmentRegion = English;
			hasScannedForEncodings = 0;
			knownRegions = (
				en,
				Base,
			);
			mainGroup = 470D048B1CD9E9DE005DA57C;
			productRefGroup = 470D04951CD9E9DE005DA57C /* Products */;
			projectDirPath = "";
			projectRoot = "";
			targets = (
				470D04931CD9E9DE005DA57C /* CISample */,
				470D04A71CD9E9DE005DA57C /* CISampleTests */,
				470D04B21CD9E9DE005DA57C /* CISampleUITests */,
			);
		};
/* End PBXProject section */

/* Begin PBXResourcesBuildPhase section */
		470D04921CD9E9DE005DA57C /* Resources */ = {
			isa = PBXResourcesBuildPhase;
			buildActionMask = 2147483647;
			files = (
				470D04A21CD9E9DE005DA57C /* LaunchScreen.storyboard in Resources */,
				470D049F1CD9E9DE005DA57C /* Assets.xcassets in Resources */,
				470D049D1CD9E9DE005DA57C /* Main.storyboard in Resources */,
			);
			runOnlyForDeploymentPostprocessing = 0;
		};
		470D04A61CD9E9DE005DA57C /* Resources */ = {
			isa = PBXResourcesBuildPhase;
			buildActionMask = 2147483647;
			files = (
			);
			runOnlyForDeploymentPostprocessing = 0;
		};
		470D04B11CD9E9DE005DA57C /* Resources */ = {
			isa = PBXResourcesBuildPhase;
			buildActionMask = 2147483647;
			files = (
			);
			runOnlyForDeploymentPostprocessing = 0;
		};
/* End PBXResourcesBuildPhase section */

/* Begin PBXShellScriptBuildPhase section */
		29F61F69A0603F46FEED1A39 /* Embed Pods Frameworks */ = {
			isa = PBXShellScriptBuildPhase;
			buildActionMask = 2147483647;
			files = (
			);
			inputPaths = (
			);
			name = "Embed Pods Frameworks";
			outputPaths = (
			);
			runOnlyForDeploymentPostprocessing = 0;
			shellPath = /bin/sh;
			shellScript = "\"${SRCROOT}/Pods/Target Support Files/Pods-CISample/Pods-CISample-frameworks.sh\"\n";
			showEnvVarsInLog = 0;
		};
		72CE4899A633A160F39C6016 /* Check Pods Manifest.lock */ = {
			isa = PBXShellScriptBuildPhase;
			buildActionMask = 2147483647;
			files = (
			);
			inputPaths = (
			);
			name = "Check Pods Manifest.lock";
			outputPaths = (
			);
			runOnlyForDeploymentPostprocessing = 0;
			shellPath = /bin/sh;
			shellScript = "diff \"${PODS_ROOT}/../Podfile.lock\" \"${PODS_ROOT}/Manifest.lock\" > /dev/null\nif [[ $? != 0 ]] ; then\n    cat << EOM\nerror: The sandbox is not in sync with the Podfile.lock. Run 'pod install' or update your CocoaPods installation.\nEOM\n    exit 1\nfi\n";
			showEnvVarsInLog = 0;
		};
		B5AFD7F886555659ACE1302E /* Copy Pods Resources */ = {
			isa = PBXShellScriptBuildPhase;
			buildActionMask = 2147483647;
			files = (
			);
			inputPaths = (
			);
			name = "Copy Pods Resources";
			outputPaths = (
			);
			runOnlyForDeploymentPostprocessing = 0;
			shellPath = /bin/sh;
			shellScript = "\"${SRCROOT}/Pods/Target Support Files/Pods-CISample/Pods-CISample-resources.sh\"\n";
			showEnvVarsInLog = 0;
		};
/* End PBXShellScriptBuildPhase section */

/* Begin PBXSourcesBuildPhase section */
		470D04901CD9E9DE005DA57C /* Sources */ = {
			isa = PBXSourcesBuildPhase;
			buildActionMask = 2147483647;
			files = (
				470D049A1CD9E9DE005DA57C /* ViewController.swift in Sources */,
				471BAABF1CDB40B5002C8410 /* testRouter.swift in Sources */,
				471BAAC01CDB40B5002C8410 /* testViewController.swift in Sources */,
				471BAAC11CDB40B5002C8410 /* testWorker.swift in Sources */,
				470D04981CD9E9DE005DA57C /* AppDelegate.swift in Sources */,
				471BAABC1CDB40B5002C8410 /* testInteractor.swift in Sources */,
				471BAABD1CDB40B5002C8410 /* testModels.swift in Sources */,
				471BAABE1CDB40B5002C8410 /* testPresenter.swift in Sources */,
				471BAABB1CDB40B5002C8410 /* testConfigurator.swift in Sources */,
			);
			runOnlyForDeploymentPostprocessing = 0;
		};
		470D04A41CD9E9DE005DA57C /* Sources */ = {
			isa = PBXSourcesBuildPhase;
			buildActionMask = 2147483647;
			files = (
				470D04AD1CD9E9DE005DA57C /* CISampleTests.swift in Sources */,
			);
			runOnlyForDeploymentPostprocessing = 0;
		};
		470D04AF1CD9E9DE005DA57C /* Sources */ = {
			isa = PBXSourcesBuildPhase;
			buildActionMask = 2147483647;
			files = (
				470D04B81CD9E9DE005DA57C /* CISampleUITests.swift in Sources */,
			);
			runOnlyForDeploymentPostprocessing = 0;
		};
/* End PBXSourcesBuildPhase section */

/* Begin PBXTargetDependency section */
		470D04AA1CD9E9DE005DA57C /* PBXTargetDependency */ = {
			isa = PBXTargetDependency;
			target = 470D04931CD9E9DE005DA57C /* CISample */;
			targetProxy = 470D04A91CD9E9DE005DA57C /* PBXContainerItemProxy */;
		};
		470D04B51CD9E9DE005DA57C /* PBXTargetDependency */ = {
			isa = PBXTargetDependency;
			target = 470D04931CD9E9DE005DA57C /* CISample */;
			targetProxy = 470D04B41CD9E9DE005DA57C /* PBXContainerItemProxy */;
		};
/* End PBXTargetDependency section */

/* Begin PBXVariantGroup section */
		470D049B1CD9E9DE005DA57C /* Main.storyboard */ = {
			isa = PBXVariantGroup;
			children = (
				470D049C1CD9E9DE005DA57C /* Base */,
			);
			name = Main.storyboard;
			sourceTree = "<group>";
		};
		470D04A01CD9E9DE005DA57C /* LaunchScreen.storyboard */ = {
			isa = PBXVariantGroup;
			children = (
				470D04A11CD9E9DE005DA57C /* Base */,
			);
			name = LaunchScreen.storyboard;
			sourceTree = "<group>";
		};
/* End PBXVariantGroup section */

/* Begin XCBuildConfiguration section */
		470D04BA1CD9E9DE005DA57C /* Debug */ = {
			isa = XCBuildConfiguration;
			buildSettings = {
				ALWAYS_SEARCH_USER_PATHS = NO;
				CLANG_ANALYZER_NONNULL = YES;
				CLANG_CXX_LANGUAGE_STANDARD = "gnu++0x";
				CLANG_CXX_LIBRARY = "libc++";
				CLANG_ENABLE_MODULES = YES;
				CLANG_ENABLE_OBJC_ARC = YES;
				CLANG_WARN_BOOL_CONVERSION = YES;
				CLANG_WARN_CONSTANT_CONVERSION = YES;
				CLANG_WARN_DIRECT_OBJC_ISA_USAGE = YES_ERROR;
				CLANG_WARN_EMPTY_BODY = YES;
				CLANG_WARN_ENUM_CONVERSION = YES;
				CLANG_WARN_INT_CONVERSION = YES;
				CLANG_WARN_OBJC_ROOT_CLASS = YES_ERROR;
				CLANG_WARN_UNREACHABLE_CODE = YES;
				CLANG_WARN__DUPLICATE_METHOD_MATCH = YES;
				"CODE_SIGN_IDENTITY[sdk=iphoneos*]" = "iPhone Developer";
				COPY_PHASE_STRIP = NO;
				DEBUG_INFORMATION_FORMAT = dwarf;
				ENABLE_STRICT_OBJC_MSGSEND = YES;
				ENABLE_TESTABILITY = YES;
				GCC_C_LANGUAGE_STANDARD = gnu99;
				GCC_DYNAMIC_NO_PIC = NO;
				GCC_NO_COMMON_BLOCKS = YES;
				GCC_OPTIMIZATION_LEVEL = 0;
				GCC_PREPROCESSOR_DEFINITIONS = (
					"DEBUG=1",
					"$(inherited)",
				);
				GCC_WARN_64_TO_32_BIT_CONVERSION = YES;
				GCC_WARN_ABOUT_RETURN_TYPE = YES_ERROR;
				GCC_WARN_UNDECLARED_SELECTOR = YES;
				GCC_WARN_UNINITIALIZED_AUTOS = YES_AGGRESSIVE;
				GCC_WARN_UNUSED_FUNCTION = YES;
				GCC_WARN_UNUSED_VARIABLE = YES;
				IPHONEOS_DEPLOYMENT_TARGET = 9.3;
				MTL_ENABLE_DEBUG_INFO = YES;
				ONLY_ACTIVE_ARCH = YES;
				SDKROOT = iphoneos;
				SWIFT_OPTIMIZATION_LEVEL = "-Onone";
				TARGETED_DEVICE_FAMILY = "1,2";
			};
			name = Debug;
		};
		470D04BB1CD9E9DE005DA57C /* Release */ = {
			isa = XCBuildConfiguration;
			buildSettings = {
				ALWAYS_SEARCH_USER_PATHS = NO;
				CLANG_ANALYZER_NONNULL = YES;
				CLANG_CXX_LANGUAGE_STANDARD = "gnu++0x";
				CLANG_CXX_LIBRARY = "libc++";
				CLANG_ENABLE_MODULES = YES;
				CLANG_ENABLE_OBJC_ARC = YES;
				CLANG_WARN_BOOL_CONVERSION = YES;
				CLANG_WARN_CONSTANT_CONVERSION = YES;
				CLANG_WARN_DIRECT_OBJC_ISA_USAGE = YES_ERROR;
				CLANG_WARN_EMPTY_BODY = YES;
				CLANG_WARN_ENUM_CONVERSION = YES;
				CLANG_WARN_INT_CONVERSION = YES;
				CLANG_WARN_OBJC_ROOT_CLASS = YES_ERROR;
				CLANG_WARN_UNREACHABLE_CODE = YES;
				CLANG_WARN__DUPLICATE_METHOD_MATCH = YES;
				"CODE_SIGN_IDENTITY[sdk=iphoneos*]" = "iPhone Developer";
				COPY_PHASE_STRIP = NO;
				DEBUG_INFORMATION_FORMAT = "dwarf-with-dsym";
				ENABLE_NS_ASSERTIONS = NO;
				ENABLE_STRICT_OBJC_MSGSEND = YES;
				GCC_C_LANGUAGE_STANDARD = gnu99;
				GCC_NO_COMMON_BLOCKS = YES;
				GCC_WARN_64_TO_32_BIT_CONVERSION = YES;
				GCC_WARN_ABOUT_RETURN_TYPE = YES_ERROR;
				GCC_WARN_UNDECLARED_SELECTOR = YES;
				GCC_WARN_UNINITIALIZED_AUTOS = YES_AGGRESSIVE;
				GCC_WARN_UNUSED_FUNCTION = YES;
				GCC_WARN_UNUSED_VARIABLE = YES;
				IPHONEOS_DEPLOYMENT_TARGET = 9.3;
				MTL_ENABLE_DEBUG_INFO = NO;
				SDKROOT = iphoneos;
				TARGETED_DEVICE_FAMILY = "1,2";
				VALIDATE_PRODUCT = YES;
			};
			name = Release;
		};
		470D04BD1CD9E9DE005DA57C /* Debug */ = {
			isa = XCBuildConfiguration;
			baseConfigurationReference = 81714EEFE6DF5EC8E9D4C961 /* Pods-CISample.debug.xcconfig */;
			buildSettings = {
				ASSETCATALOG_COMPILER_APPICON_NAME = AppIcon;
				CLANG_ENABLE_MODULES = YES;
				CODE_SIGN_IDENTITY = "iPhone Developer";
				INFOPLIST_FILE = CISample/Info.plist;
				LD_RUNPATH_SEARCH_PATHS = "$(inherited) @executable_path/Frameworks";
				PRODUCT_BUNDLE_IDENTIFIER = od.com.CISample;
				PRODUCT_NAME = "$(TARGET_NAME)";
				SWIFT_OBJC_BRIDGING_HEADER = "CISample/CISample-Bridging-Header.h";
				SWIFT_OPTIMIZATION_LEVEL = "-Onone";
			};
			name = Debug;
		};
		470D04BE1CD9E9DE005DA57C /* Release */ = {
			isa = XCBuildConfiguration;
			baseConfigurationReference = F8F0D4EB6167722C3370D3A0 /* Pods-CISample.release.xcconfig */;
			buildSettings = {
				ASSETCATALOG_COMPILER_APPICON_NAME = AppIcon;
				CLANG_ENABLE_MODULES = YES;
				CODE_SIGN_IDENTITY = "iPhone Developer";
				INFOPLIST_FILE = CISample/Info.plist;
				LD_RUNPATH_SEARCH_PATHS = "$(inherited) @executable_path/Frameworks";
				PRODUCT_BUNDLE_IDENTIFIER = od.com.CISample;
				PRODUCT_NAME = "$(TARGET_NAME)";
				SWIFT_OBJC_BRIDGING_HEADER = "CISample/CISample-Bridging-Header.h";
			};
			name = Release;
		};
		470D04C01CD9E9DE005DA57C /* Debug */ = {
			isa = XCBuildConfiguration;
			buildSettings = {
				BUNDLE_LOADER = "$(TEST_HOST)";
				INFOPLIST_FILE = CISampleTests/Info.plist;
				LD_RUNPATH_SEARCH_PATHS = "$(inherited) @executable_path/Frameworks @loader_path/Frameworks";
				PRODUCT_BUNDLE_IDENTIFIER = od.com.CISampleTests;
				PRODUCT_NAME = "$(TARGET_NAME)";
				TEST_HOST = "$(BUILT_PRODUCTS_DIR)/CISample.app/CISample";
			};
			name = Debug;
		};
		470D04C11CD9E9DE005DA57C /* Release */ = {
			isa = XCBuildConfiguration;
			buildSettings = {
				BUNDLE_LOADER = "$(TEST_HOST)";
				INFOPLIST_FILE = CISampleTests/Info.plist;
				LD_RUNPATH_SEARCH_PATHS = "$(inherited) @executable_path/Frameworks @loader_path/Frameworks";
				PRODUCT_BUNDLE_IDENTIFIER = od.com.CISampleTests;
				PRODUCT_NAME = "$(TARGET_NAME)";
				TEST_HOST = "$(BUILT_PRODUCTS_DIR)/CISample.app/CISample";
			};
			name = Release;
		};
		470D04C31CD9E9DE005DA57C /* Debug */ = {
			isa = XCBuildConfiguration;
			buildSettings = {
				INFOPLIST_FILE = CISampleUITests/Info.plist;
				LD_RUNPATH_SEARCH_PATHS = "$(inherited) @executable_path/Frameworks @loader_path/Frameworks";
				PRODUCT_BUNDLE_IDENTIFIER = od.com.CISampleUITests;
				PRODUCT_NAME = "$(TARGET_NAME)";
				TEST_TARGET_NAME = CISample;
			};
			name = Debug;
		};
		470D04C41CD9E9DE005DA57C /* Release */ = {
			isa = XCBuildConfiguration;
			buildSettings = {
				INFOPLIST_FILE = CISampleUITests/Info.plist;
				LD_RUNPATH_SEARCH_PATHS = "$(inherited) @executable_path/Frameworks @loader_path/Frameworks";
				PRODUCT_BUNDLE_IDENTIFIER = od.com.CISampleUITests;
				PRODUCT_NAME = "$(TARGET_NAME)";
				TEST_TARGET_NAME = CISample;
			};
			name = Release;
		};
/* End XCBuildConfiguration section */

/* Begin XCConfigurationList section */
		470D048F1CD9E9DE005DA57C /* Build configuration list for PBXProject "CISample" */ = {
			isa = XCConfigurationList;
			buildConfigurations = (
				470D04BA1CD9E9DE005DA57C /* Debug */,
				470D04BB1CD9E9DE005DA57C /* Release */,
			);
			defaultConfigurationIsVisible = 0;
			defaultConfigurationName = Release;
		};
		470D04BC1CD9E9DE005DA57C /* Build configuration list for PBXNativeTarget "CISample" */ = {
			isa = XCConfigurationList;
			buildConfigurations = (
				470D04BD1CD9E9DE005DA57C /* Debug */,
				470D04BE1CD9E9DE005DA57C /* Release */,
			);
			defaultConfigurationIsVisible = 0;
			defaultConfigurationName = Release;
		};
		470D04BF1CD9E9DE005DA57C /* Build configuration list for PBXNativeTarget "CISampleTests" */ = {
			isa = XCConfigurationList;
			buildConfigurations = (
				470D04C01CD9E9DE005DA57C /* Debug */,
				470D04C11CD9E9DE005DA57C /* Release */,
			);
			defaultConfigurationIsVisible = 0;
			defaultConfigurationName = Release;
		};
		470D04C21CD9E9DE005DA57C /* Build configuration list for PBXNativeTarget "CISampleUITests" */ = {
			isa = XCConfigurationList;
			buildConfigurations = (
				470D04C31CD9E9DE005DA57C /* Debug */,
				470D04C41CD9E9DE005DA57C /* Release */,
			);
			defaultConfigurationIsVisible = 0;
			defaultConfigurationName = Release;
		};
/* End XCConfigurationList section */
	};
	rootObject = 470D048C1CD9E9DE005DA57C /* Project object */;
}
